
Microsoft Visual Studio Solution File, Format Version 12.00
# Visual Studio Version 17
VisualStudioVersion = 17.13.35806.99
MinimumVisualStudioVersion = 10.0.40219.1
Project("{FAE04EC0-301F-11D3-BF4B-00C04F79EFBC}") = "Task01.Caching", "Task01.Caching\Task01.Caching.csproj", "{C35B2FCA-0A02-43FC-9EA6-848C2D030E7F}"
EndProject
Project("{FAE04EC0-301F-11D3-BF4B-00C04F79EFBC}") = "Task03.ValueTaskSource", "Task03.ValueTaskSource\Task03.ValueTaskSource.csproj", "{98A8E062-F3E6-4061-83C9-664215FEE668}"
EndProject
Project("{FAE04EC0-301F-11D3-BF4B-00C04F79EFBC}") = "Task04.Caching", "Task04.Caching\Task04.Caching.csproj", "{EE2632D5-DE8C-42D9-8B5B-89F84A2BD08A}"
EndProject
Project("{FAE04EC0-301F-11D3-BF4B-00C04F79EFBC}") = "Task05.Restictions", "Task05.Restictions\Task05.Restictions.csproj", "{7C02FEF6-8F69-427A-B69A-C28F73A94D82}"
EndProject
Project("{FAE04EC0-301F-11D3-BF4B-00C04F79EFBC}") = "Task07.Work", "Task07.Work\Task07.Work.csproj", "{691D96B9-54E5-435C-9D51-71E8E85ADCD2}"
EndProject
Project("{FAE04EC0-301F-11D3-BF4B-00C04F79EFBC}") = "Task08.Cancellation", "Task08.Cancellation\Task08.Cancellation.csproj", "{0D34DF6B-EA27-4200-97BB-CA25D37AB57C}"
EndProject
Project("{FAE04EC0-301F-11D3-BF4B-00C04F79EFBC}") = "Task11.Channel", "Task11.Channel\Task11.Channel.csproj", "{C17AAD22-29C3-43B4-9CD8-603FA16EB54A}"
EndProject
Project("{FAE04EC0-301F-11D3-BF4B-00C04F79EFBC}") = "Task12.Pipe", "Task12.Pipe\Task12.Pipe.csproj", "{D248E658-3032-41B6-A435-50F481F74A5A}"
EndProject
Project("{FAE04EC0-301F-11D3-BF4B-00C04F79EFBC}") = "Task14.Lazy", "Task14.Lazy\Task14.Lazy.csproj", "{2B44F582-8E53-4024-9F68-1CC9EB105EA4}"
EndProject
Project("{FAE04EC0-301F-11D3-BF4B-00C04F79EFBC}") = "Task14.AsyncLazy", "Task14.AsyncLazy\Task14.AsyncLazy.csproj", "{241AC77B-8EDB-44CD-9CAD-0458080AF4BF}"
EndProject
Project("{FAE04EC0-301F-11D3-BF4B-00C04F79EFBC}") = "Task15.ThreadLocal", "Task15.ThreadLocal\Task15.ThreadLocal.csproj", "{54847E7A-37E2-422C-BE86-6EAA71BA61CD}"
EndProject
Project("{FAE04EC0-301F-11D3-BF4B-00C04F79EFBC}") = "Task15.AsyncLocal", "Task15.AsyncLocal\Task15.AsyncLocal.csproj", "{B929FC46-3E00-4EBB-80A0-1528B91F24FE}"
EndProject
Global
	GlobalSection(SolutionConfigurationPlatforms) = preSolution
		Debug|Any CPU = Debug|Any CPU
		Release|Any CPU = Release|Any CPU
	EndGlobalSection
	GlobalSection(ProjectConfigurationPlatforms) = postSolution
		{C35B2FCA-0A02-43FC-9EA6-848C2D030E7F}.Debug|Any CPU.ActiveCfg = Debug|Any CPU
		{C35B2FCA-0A02-43FC-9EA6-848C2D030E7F}.Debug|Any CPU.Build.0 = Debug|Any CPU
		{C35B2FCA-0A02-43FC-9EA6-848C2D030E7F}.Release|Any CPU.ActiveCfg = Release|Any CPU
		{C35B2FCA-0A02-43FC-9EA6-848C2D030E7F}.Release|Any CPU.Build.0 = Release|Any CPU
		{98A8E062-F3E6-4061-83C9-664215FEE668}.Debug|Any CPU.ActiveCfg = Debug|Any CPU
		{98A8E062-F3E6-4061-83C9-664215FEE668}.Debug|Any CPU.Build.0 = Debug|Any CPU
		{98A8E062-F3E6-4061-83C9-664215FEE668}.Release|Any CPU.ActiveCfg = Release|Any CPU
		{98A8E062-F3E6-4061-83C9-664215FEE668}.Release|Any CPU.Build.0 = Release|Any CPU
		{EE2632D5-DE8C-42D9-8B5B-89F84A2BD08A}.Debug|Any CPU.ActiveCfg = Debug|Any CPU
		{EE2632D5-DE8C-42D9-8B5B-89F84A2BD08A}.Debug|Any CPU.Build.0 = Debug|Any CPU
		{EE2632D5-DE8C-42D9-8B5B-89F84A2BD08A}.Release|Any CPU.ActiveCfg = Release|Any CPU
		{EE2632D5-DE8C-42D9-8B5B-89F84A2BD08A}.Release|Any CPU.Build.0 = Release|Any CPU
		{7C02FEF6-8F69-427A-B69A-C28F73A94D82}.Debug|Any CPU.ActiveCfg = Debug|Any CPU
		{7C02FEF6-8F69-427A-B69A-C28F73A94D82}.Debug|Any CPU.Build.0 = Debug|Any CPU
		{7C02FEF6-8F69-427A-B69A-C28F73A94D82}.Release|Any CPU.ActiveCfg = Release|Any CPU
		{7C02FEF6-8F69-427A-B69A-C28F73A94D82}.Release|Any CPU.Build.0 = Release|Any CPU
		{691D96B9-54E5-435C-9D51-71E8E85ADCD2}.Debug|Any CPU.ActiveCfg = Debug|Any CPU
		{691D96B9-54E5-435C-9D51-71E8E85ADCD2}.Debug|Any CPU.Build.0 = Debug|Any CPU
		{691D96B9-54E5-435C-9D51-71E8E85ADCD2}.Release|Any CPU.ActiveCfg = Release|Any CPU
		{691D96B9-54E5-435C-9D51-71E8E85ADCD2}.Release|Any CPU.Build.0 = Release|Any CPU
		{0D34DF6B-EA27-4200-97BB-CA25D37AB57C}.Debug|Any CPU.ActiveCfg = Debug|Any CPU
		{0D34DF6B-EA27-4200-97BB-CA25D37AB57C}.Debug|Any CPU.Build.0 = Debug|Any CPU
		{0D34DF6B-EA27-4200-97BB-CA25D37AB57C}.Release|Any CPU.ActiveCfg = Release|Any CPU
		{0D34DF6B-EA27-4200-97BB-CA25D37AB57C}.Release|Any CPU.Build.0 = Release|Any CPU
		{C17AAD22-29C3-43B4-9CD8-603FA16EB54A}.Debug|Any CPU.ActiveCfg = Debug|Any CPU
		{C17AAD22-29C3-43B4-9CD8-603FA16EB54A}.Debug|Any CPU.Build.0 = Debug|Any CPU
		{C17AAD22-29C3-43B4-9CD8-603FA16EB54A}.Release|Any CPU.ActiveCfg = Release|Any CPU
		{C17AAD22-29C3-43B4-9CD8-603FA16EB54A}.Release|Any CPU.Build.0 = Release|Any CPU
		{D248E658-3032-41B6-A435-50F481F74A5A}.Debug|Any CPU.ActiveCfg = Debug|Any CPU
		{D248E658-3032-41B6-A435-50F481F74A5A}.Debug|Any CPU.Build.0 = Debug|Any CPU
		{D248E658-3032-41B6-A435-50F481F74A5A}.Release|Any CPU.ActiveCfg = Release|Any CPU
		{D248E658-3032-41B6-A435-50F481F74A5A}.Release|Any CPU.Build.0 = Release|Any CPU
		{2B44F582-8E53-4024-9F68-1CC9EB105EA4}.Debug|Any CPU.ActiveCfg = Debug|Any CPU
		{2B44F582-8E53-4024-9F68-1CC9EB105EA4}.Debug|Any CPU.Build.0 = Debug|Any CPU
		{2B44F582-8E53-4024-9F68-1CC9EB105EA4}.Release|Any CPU.ActiveCfg = Release|Any CPU
		{2B44F582-8E53-4024-9F68-1CC9EB105EA4}.Release|Any CPU.Build.0 = Release|Any CPU
		{241AC77B-8EDB-44CD-9CAD-0458080AF4BF}.Debug|Any CPU.ActiveCfg = Debug|Any CPU
		{241AC77B-8EDB-44CD-9CAD-0458080AF4BF}.Debug|Any CPU.Build.0 = Debug|Any CPU
		{241AC77B-8EDB-44CD-9CAD-0458080AF4BF}.Release|Any CPU.ActiveCfg = Release|Any CPU
		{241AC77B-8EDB-44CD-9CAD-0458080AF4BF}.Release|Any CPU.Build.0 = Release|Any CPU
		{54847E7A-37E2-422C-BE86-6EAA71BA61CD}.Debug|Any CPU.ActiveCfg = Debug|Any CPU
		{54847E7A-37E2-422C-BE86-6EAA71BA61CD}.Debug|Any CPU.Build.0 = Debug|Any CPU
		{54847E7A-37E2-422C-BE86-6EAA71BA61CD}.Release|Any CPU.ActiveCfg = Release|Any CPU
		{54847E7A-37E2-422C-BE86-6EAA71BA61CD}.Release|Any CPU.Build.0 = Release|Any CPU
		{B929FC46-3E00-4EBB-80A0-1528B91F24FE}.Debug|Any CPU.ActiveCfg = Debug|Any CPU
		{B929FC46-3E00-4EBB-80A0-1528B91F24FE}.Debug|Any CPU.Build.0 = Debug|Any CPU
		{B929FC46-3E00-4EBB-80A0-1528B91F24FE}.Release|Any CPU.ActiveCfg = Release|Any CPU
		{B929FC46-3E00-4EBB-80A0-1528B91F24FE}.Release|Any CPU.Build.0 = Release|Any CPU
	EndGlobalSection
	GlobalSection(SolutionProperties) = preSolution
		HideSolutionNode = FALSE
	EndGlobalSection
	GlobalSection(ExtensibilityGlobals) = postSolution
		SolutionGuid = {7B0F462D-6582-49BC-AAB9-0FD281688E77}
	EndGlobalSection
EndGlobal
